
Microsoft Visual Studio Solution File, Format Version 12.00
# Visual Studio Version 17
VisualStudioVersion = 17.12.35527.113
MinimumVisualStudioVersion = 10.0.40219.1
Project("{2150E333-8FDC-42A3-9474-1A3956D46DE8}") = "Services", "Services", "{E86F0AA5-440C-487A-8CC8-77820A8E2748}"
EndProject
Project("{2150E333-8FDC-42A3-9474-1A3956D46DE8}") = "Catalog", "Catalog", "{CEC5EB46-AB81-425D-B82E-A63A8D93F3F0}"
EndProject
Project("{FAE04EC0-301F-11D3-BF4B-00C04F79EFBC}") = "Catalog.API", "Services\Catalog\Catalog.API\Catalog.API.csproj", "{3FC78A26-6F4D-4671-B56C-ABED66F570D7}"
EndProject
Project("{2150E333-8FDC-42A3-9474-1A3956D46DE8}") = "BuildingBlocks", "BuildingBlocks", "{57FCD4B7-5C71-40B0-867E-C4E61F6E442E}"
EndProject
Project("{FAE04EC0-301F-11D3-BF4B-00C04F79EFBC}") = "BuildingBlocks", "BuildingBlocks\BuildingBlocks\BuildingBlocks.csproj", "{DB409190-8420-4053-B76D-939E17B242A8}"
EndProject
Project("{E53339B2-1760-4266-BCC7-CA923CBCF16C}") = "docker-compose", "docker-compose.dcproj", "{AB4B1197-E46E-4D6A-9A50-EF8571334F23}"
EndProject
Global
	GlobalSection(SolutionConfigurationPlatforms) = preSolution
		Debug|Any CPU = Debug|Any CPU
		Release|Any CPU = Release|Any CPU
	EndGlobalSection
	GlobalSection(ProjectConfigurationPlatforms) = postSolution
		{3FC78A26-6F4D-4671-B56C-ABED66F570D7}.Debug|Any CPU.ActiveCfg = Debug|Any CPU
		{3FC78A26-6F4D-4671-B56C-ABED66F570D7}.Debug|Any CPU.Build.0 = Debug|Any CPU
		{3FC78A26-6F4D-4671-B56C-ABED66F570D7}.Release|Any CPU.ActiveCfg = Release|Any CPU
		{3FC78A26-6F4D-4671-B56C-ABED66F570D7}.Release|Any CPU.Build.0 = Release|Any CPU
		{DB409190-8420-4053-B76D-939E17B242A8}.Debug|Any CPU.ActiveCfg = Debug|Any CPU
		{DB409190-8420-4053-B76D-939E17B242A8}.Debug|Any CPU.Build.0 = Debug|Any CPU
		{DB409190-8420-4053-B76D-939E17B242A8}.Release|Any CPU.ActiveCfg = Release|Any CPU
		{DB409190-8420-4053-B76D-939E17B242A8}.Release|Any CPU.Build.0 = Release|Any CPU
		{AB4B1197-E46E-4D6A-9A50-EF8571334F23}.Debug|Any CPU.ActiveCfg = Debug|Any CPU
		{AB4B1197-E46E-4D6A-9A50-EF8571334F23}.Debug|Any CPU.Build.0 = Debug|Any CPU
		{AB4B1197-E46E-4D6A-9A50-EF8571334F23}.Release|Any CPU.ActiveCfg = Release|Any CPU
		{AB4B1197-E46E-4D6A-9A50-EF8571334F23}.Release|Any CPU.Build.0 = Release|Any CPU
	EndGlobalSection
	GlobalSection(SolutionProperties) = preSolution
		HideSolutionNode = FALSE
	EndGlobalSection
	GlobalSection(NestedProjects) = preSolution
		{CEC5EB46-AB81-425D-B82E-A63A8D93F3F0} = {E86F0AA5-440C-487A-8CC8-77820A8E2748}
		{3FC78A26-6F4D-4671-B56C-ABED66F570D7} = {CEC5EB46-AB81-425D-B82E-A63A8D93F3F0}
		{DB409190-8420-4053-B76D-939E17B242A8} = {57FCD4B7-5C71-40B0-867E-C4E61F6E442E}
	EndGlobalSection
EndGlobal
